
Microsoft Visual Studio Solution File, Format Version 12.00
# Visual Studio 14
VisualStudioVersion = 14.0.25420.1
MinimumVisualStudioVersion = 10.0.40219.1
Project("{2150E333-8FDC-42A3-9474-1A3956D46DE8}") = "Demo-1", "Demo-1", "{6084BE97-5454-4BFE-94A9-7A0F4EC560A9}"
EndProject
Project("{FAE04EC0-301F-11D3-BF4B-00C04F79EFBC}") = "BasicBot", "BasicBot\BasicBot.csproj", "{A8BA1066-5695-4D71-ABB4-65E5A5E0C3D4}"
EndProject
Project("{2150E333-8FDC-42A3-9474-1A3956D46DE8}") = "Demo-2", "Demo-2", "{E298CF54-F0BA-45FB-B3F6-06B72E57C8BB}"
EndProject
Project("{FAE04EC0-301F-11D3-BF4B-00C04F79EFBC}") = "Bot-Luis", "Bot-Luis\Bot-Luis.csproj", "{636CBD79-AF50-4F0B-8AB4-9ED752125A54}"
EndProject
Project("{2150E333-8FDC-42A3-9474-1A3956D46DE8}") = "Demo-3", "Demo-3", "{F8BD740A-E503-4945-A123-7D01C1CAB1B4}"
EndProject
Project("{FAE04EC0-301F-11D3-BF4B-00C04F79EFBC}") = "TokoBot", "TokoBot\TokoBot.csproj", "{5676A9D9-2103-4003-A802-04B21737A8FC}"
EndProject
Project("{2150E333-8FDC-42A3-9474-1A3956D46DE8}") = "Demo-4", "Demo-4", "{42897763-63F9-4565-8FEA-3A9A9A5C0C25}"
EndProject
Project("{FAE04EC0-301F-11D3-BF4B-00C04F79EFBC}") = "IntelligenceBot", "IntelligenceBot\IntelligenceBot.csproj", "{882F797A-447E-4657-98F8-F2605A8CFD97}"
EndProject
Project("{2150E333-8FDC-42A3-9474-1A3956D46DE8}") = "Demo-5", "Demo-5", "{35330A34-A778-4CA5-9498-A4E3380F3E72}"
EndProject
Project("{FAE04EC0-301F-11D3-BF4B-00C04F79EFBC}") = "CoderBot", "CoderBot\CoderBot.csproj", "{D041CB39-8485-4149-8EB6-47A5B1F51A3F}"
EndProject
Project("{2150E333-8FDC-42A3-9474-1A3956D46DE8}") = "ExternalLibrary", "ExternalLibrary", "{8F4BF062-BB71-43BE-BA20-04D27A4AD22F}"
EndProject
Project("{FAE04EC0-301F-11D3-BF4B-00C04F79EFBC}") = "M2Mqtt.Net", "ExternalLibs\paho.mqtt.m2mqtt-master\M2Mqtt\M2Mqtt.Net.csproj", "{A11AEF5A-B246-4FE8-8330-06DB73CC8074}"
EndProject
Global
	GlobalSection(SolutionConfigurationPlatforms) = preSolution
		Debug|Any CPU = Debug|Any CPU
		Release|Any CPU = Release|Any CPU
	EndGlobalSection
	GlobalSection(ProjectConfigurationPlatforms) = postSolution
		{A8BA1066-5695-4D71-ABB4-65E5A5E0C3D4}.Debug|Any CPU.ActiveCfg = Debug|Any CPU
		{A8BA1066-5695-4D71-ABB4-65E5A5E0C3D4}.Debug|Any CPU.Build.0 = Debug|Any CPU
		{A8BA1066-5695-4D71-ABB4-65E5A5E0C3D4}.Release|Any CPU.ActiveCfg = Release|Any CPU
		{A8BA1066-5695-4D71-ABB4-65E5A5E0C3D4}.Release|Any CPU.Build.0 = Release|Any CPU
		{636CBD79-AF50-4F0B-8AB4-9ED752125A54}.Debug|Any CPU.ActiveCfg = Debug|Any CPU
		{636CBD79-AF50-4F0B-8AB4-9ED752125A54}.Debug|Any CPU.Build.0 = Debug|Any CPU
		{636CBD79-AF50-4F0B-8AB4-9ED752125A54}.Release|Any CPU.ActiveCfg = Release|Any CPU
		{636CBD79-AF50-4F0B-8AB4-9ED752125A54}.Release|Any CPU.Build.0 = Release|Any CPU
		{5676A9D9-2103-4003-A802-04B21737A8FC}.Debug|Any CPU.ActiveCfg = Debug|Any CPU
		{5676A9D9-2103-4003-A802-04B21737A8FC}.Debug|Any CPU.Build.0 = Debug|Any CPU
		{5676A9D9-2103-4003-A802-04B21737A8FC}.Release|Any CPU.ActiveCfg = Release|Any CPU
		{5676A9D9-2103-4003-A802-04B21737A8FC}.Release|Any CPU.Build.0 = Release|Any CPU
		{882F797A-447E-4657-98F8-F2605A8CFD97}.Debug|Any CPU.ActiveCfg = Debug|Any CPU
		{882F797A-447E-4657-98F8-F2605A8CFD97}.Debug|Any CPU.Build.0 = Debug|Any CPU
		{882F797A-447E-4657-98F8-F2605A8CFD97}.Release|Any CPU.ActiveCfg = Release|Any CPU
		{882F797A-447E-4657-98F8-F2605A8CFD97}.Release|Any CPU.Build.0 = Release|Any CPU
		{D041CB39-8485-4149-8EB6-47A5B1F51A3F}.Debug|Any CPU.ActiveCfg = Debug|Any CPU
		{D041CB39-8485-4149-8EB6-47A5B1F51A3F}.Debug|Any CPU.Build.0 = Debug|Any CPU
		{D041CB39-8485-4149-8EB6-47A5B1F51A3F}.Release|Any CPU.ActiveCfg = Release|Any CPU
		{D041CB39-8485-4149-8EB6-47A5B1F51A3F}.Release|Any CPU.Build.0 = Release|Any CPU
		{A11AEF5A-B246-4FE8-8330-06DB73CC8074}.Debug|Any CPU.ActiveCfg = Debug|Any CPU
		{A11AEF5A-B246-4FE8-8330-06DB73CC8074}.Debug|Any CPU.Build.0 = Debug|Any CPU
		{A11AEF5A-B246-4FE8-8330-06DB73CC8074}.Release|Any CPU.ActiveCfg = Release|Any CPU
		{A11AEF5A-B246-4FE8-8330-06DB73CC8074}.Release|Any CPU.Build.0 = Release|Any CPU
	EndGlobalSection
	GlobalSection(SolutionProperties) = preSolution
		HideSolutionNode = FALSE
	EndGlobalSection
	GlobalSection(NestedProjects) = preSolution
		{A8BA1066-5695-4D71-ABB4-65E5A5E0C3D4} = {6084BE97-5454-4BFE-94A9-7A0F4EC560A9}
		{636CBD79-AF50-4F0B-8AB4-9ED752125A54} = {E298CF54-F0BA-45FB-B3F6-06B72E57C8BB}
		{5676A9D9-2103-4003-A802-04B21737A8FC} = {F8BD740A-E503-4945-A123-7D01C1CAB1B4}
		{882F797A-447E-4657-98F8-F2605A8CFD97} = {42897763-63F9-4565-8FEA-3A9A9A5C0C25}
		{D041CB39-8485-4149-8EB6-47A5B1F51A3F} = {35330A34-A778-4CA5-9498-A4E3380F3E72}
		{A11AEF5A-B246-4FE8-8330-06DB73CC8074} = {8F4BF062-BB71-43BE-BA20-04D27A4AD22F}
	EndGlobalSection
EndGlobal
